
Microsoft Visual Studio Solution File, Format Version 12.00
# Visual Studio Version 16
VisualStudioVersion = 16.0.31025.194
MinimumVisualStudioVersion = 10.0.40219.1
Project("{FAE04EC0-301F-11D3-BF4B-00C04F79EFBC}") = "Time Difference App.Android", "Time Difference App\Time Difference App.Android\Time Difference App.Android.csproj", "{47EDD782-269D-4660-B6A3-2FE5CEDC8535}"
EndProject
Project("{FAE04EC0-301F-11D3-BF4B-00C04F79EFBC}") = "Time Difference App.iOS", "Time Difference App\Time Difference App.iOS\Time Difference App.iOS.csproj", "{85E13254-8A57-4B62-ACA0-4D361CE421CB}"
EndProject
Project("{FAE04EC0-301F-11D3-BF4B-00C04F79EFBC}") = "Time Difference App", "Time Difference App\Time Difference App\Time Difference App.csproj", "{44789EDB-F466-45E1-93E5-BA0663F3190B}"
EndProject
Global
	GlobalSection(SolutionConfigurationPlatforms) = preSolution
		Debug|Any CPU = Debug|Any CPU
		Debug|iPhone = Debug|iPhone
		Debug|iPhoneSimulator = Debug|iPhoneSimulator
		Release|Any CPU = Release|Any CPU
		Release|iPhone = Release|iPhone
		Release|iPhoneSimulator = Release|iPhoneSimulator
	EndGlobalSection
	GlobalSection(ProjectConfigurationPlatforms) = postSolution
		{47EDD782-269D-4660-B6A3-2FE5CEDC8535}.Debug|Any CPU.ActiveCfg = Debug|Any CPU
		{47EDD782-269D-4660-B6A3-2FE5CEDC8535}.Debug|Any CPU.Build.0 = Debug|Any CPU
		{47EDD782-269D-4660-B6A3-2FE5CEDC8535}.Debug|Any CPU.Deploy.0 = Debug|Any CPU
		{47EDD782-269D-4660-B6A3-2FE5CEDC8535}.Debug|iPhone.ActiveCfg = Debug|Any CPU
		{47EDD782-269D-4660-B6A3-2FE5CEDC8535}.Debug|iPhone.Build.0 = Debug|Any CPU
		{47EDD782-269D-4660-B6A3-2FE5CEDC8535}.Debug|iPhone.Deploy.0 = Debug|Any CPU
		{47EDD782-269D-4660-B6A3-2FE5CEDC8535}.Debug|iPhoneSimulator.ActiveCfg = Debug|Any CPU
		{47EDD782-269D-4660-B6A3-2FE5CEDC8535}.Debug|iPhoneSimulator.Build.0 = Debug|Any CPU
		{47EDD782-269D-4660-B6A3-2FE5CEDC8535}.Debug|iPhoneSimulator.Deploy.0 = Debug|Any CPU
		{47EDD782-269D-4660-B6A3-2FE5CEDC8535}.Release|Any CPU.ActiveCfg = Release|Any CPU
		{47EDD782-269D-4660-B6A3-2FE5CEDC8535}.Release|Any CPU.Build.0 = Release|Any CPU
		{47EDD782-269D-4660-B6A3-2FE5CEDC8535}.Release|Any CPU.Deploy.0 = Release|Any CPU
		{47EDD782-269D-4660-B6A3-2FE5CEDC8535}.Release|iPhone.ActiveCfg = Release|Any CPU
		{47EDD782-269D-4660-B6A3-2FE5CEDC8535}.Release|iPhone.Build.0 = Release|Any CPU
		{47EDD782-269D-4660-B6A3-2FE5CEDC8535}.Release|iPhone.Deploy.0 = Release|Any CPU
		{47EDD782-269D-4660-B6A3-2FE5CEDC8535}.Release|iPhoneSimulator.ActiveCfg = Release|Any CPU
		{47EDD782-269D-4660-B6A3-2FE5CEDC8535}.Release|iPhoneSimulator.Build.0 = Release|Any CPU
		{47EDD782-269D-4660-B6A3-2FE5CEDC8535}.Release|iPhoneSimulator.Deploy.0 = Release|Any CPU
		{85E13254-8A57-4B62-ACA0-4D361CE421CB}.Debug|Any CPU.ActiveCfg = Debug|iPhone
		{85E13254-8A57-4B62-ACA0-4D361CE421CB}.Debug|Any CPU.Build.0 = Debug|iPhone
		{85E13254-8A57-4B62-ACA0-4D361CE421CB}.Debug|Any CPU.Deploy.0 = Debug|iPhone
		{85E13254-8A57-4B62-ACA0-4D361CE421CB}.Debug|iPhone.ActiveCfg = Debug|iPhone
		{85E13254-8A57-4B62-ACA0-4D361CE421CB}.Debug|iPhone.Build.0 = Debug|iPhone
		{85E13254-8A57-4B62-ACA0-4D361CE421CB}.Debug|iPhone.Deploy.0 = Debug|iPhone
		{85E13254-8A57-4B62-ACA0-4D361CE421CB}.Debug|iPhoneSimulator.ActiveCfg = Debug|iPhoneSimulator
		{85E13254-8A57-4B62-ACA0-4D361CE421CB}.Debug|iPhoneSimulator.Build.0 = Debug|iPhoneSimulator
		{85E13254-8A57-4B62-ACA0-4D361CE421CB}.Debug|iPhoneSimulator.Deploy.0 = Debug|iPhoneSimulator
		{85E13254-8A57-4B62-ACA0-4D361CE421CB}.Release|Any CPU.ActiveCfg = Release|iPhoneSimulator
		{85E13254-8A57-4B62-ACA0-4D361CE421CB}.Release|Any CPU.Build.0 = Release|iPhoneSimulator
		{85E13254-8A57-4B62-ACA0-4D361CE421CB}.Release|Any CPU.Deploy.0 = Release|iPhoneSimulator
		{85E13254-8A57-4B62-ACA0-4D361CE421CB}.Release|iPhone.ActiveCfg = Release|iPhone
		{85E13254-8A57-4B62-ACA0-4D361CE421CB}.Release|iPhone.Build.0 = Release|iPhone
		{85E13254-8A57-4B62-ACA0-4D361CE421CB}.Release|iPhone.Deploy.0 = Release|iPhone
		{85E13254-8A57-4B62-ACA0-4D361CE421CB}.Release|iPhoneSimulator.ActiveCfg = Release|iPhoneSimulator
		{85E13254-8A57-4B62-ACA0-4D361CE421CB}.Release|iPhoneSimulator.Build.0 = Release|iPhoneSimulator
		{85E13254-8A57-4B62-ACA0-4D361CE421CB}.Release|iPhoneSimulator.Deploy.0 = Release|iPhoneSimulator
		{44789EDB-F466-45E1-93E5-BA0663F3190B}.Debug|Any CPU.ActiveCfg = Debug|Any CPU
		{44789EDB-F466-45E1-93E5-BA0663F3190B}.Debug|Any CPU.Build.0 = Debug|Any CPU
		{44789EDB-F466-45E1-93E5-BA0663F3190B}.Debug|Any CPU.Deploy.0 = Debug|Any CPU
		{44789EDB-F466-45E1-93E5-BA0663F3190B}.Debug|iPhone.ActiveCfg = Debug|Any CPU
		{44789EDB-F466-45E1-93E5-BA0663F3190B}.Debug|iPhone.Build.0 = Debug|Any CPU
		{44789EDB-F466-45E1-93E5-BA0663F3190B}.Debug|iPhone.Deploy.0 = Debug|Any CPU
		{44789EDB-F466-45E1-93E5-BA0663F3190B}.Debug|iPhoneSimulator.ActiveCfg = Debug|Any CPU
		{44789EDB-F466-45E1-93E5-BA0663F3190B}.Debug|iPhoneSimulator.Build.0 = Debug|Any CPU
		{44789EDB-F466-45E1-93E5-BA0663F3190B}.Debug|iPhoneSimulator.Deploy.0 = Debug|Any CPU
		{44789EDB-F466-45E1-93E5-BA0663F3190B}.Release|Any CPU.ActiveCfg = Release|Any CPU
		{44789EDB-F466-45E1-93E5-BA0663F3190B}.Release|Any CPU.Build.0 = Release|Any CPU
		{44789EDB-F466-45E1-93E5-BA0663F3190B}.Release|Any CPU.Deploy.0 = Release|Any CPU
		{44789EDB-F466-45E1-93E5-BA0663F3190B}.Release|iPhone.ActiveCfg = Release|Any CPU
		{44789EDB-F466-45E1-93E5-BA0663F3190B}.Release|iPhone.Build.0 = Release|Any CPU
		{44789EDB-F466-45E1-93E5-BA0663F3190B}.Release|iPhone.Deploy.0 = Release|Any CPU
		{44789EDB-F466-45E1-93E5-BA0663F3190B}.Release|iPhoneSimulator.ActiveCfg = Release|Any CPU
		{44789EDB-F466-45E1-93E5-BA0663F3190B}.Release|iPhoneSimulator.Build.0 = Release|Any CPU
		{44789EDB-F466-45E1-93E5-BA0663F3190B}.Release|iPhoneSimulator.Deploy.0 = Release|Any CPU
	EndGlobalSection
	GlobalSection(SolutionProperties) = preSolution
		HideSolutionNode = FALSE
	EndGlobalSection
	GlobalSection(ExtensibilityGlobals) = postSolution
		SolutionGuid = {177D754E-F47E-41B0-A163-B1F14005C8E7}
	EndGlobalSection
EndGlobal
